{
  "name": "@socialgorithm/tic-tac-toe-player",
  "version": "1.0.0",
  "lockfileVersion": 1,
  "requires": true,
  "dependencies": {
    "@socialgorithm/ultimate-ttt": {
      "version": "10.2.1",
      "resolved": "https://registry.npmjs.org/@socialgorithm/ultimate-ttt/-/ultimate-ttt-10.2.1.tgz",
      "integrity": "sha512-XUeRAA+P0XhUF5XcCVIAwam2GxX8lbbWzHXHIcexJb97iYmUZ96RBPeq0JgcjqpeSVFZGKLStRqWiFNRpRve2g=="
    }
  }
}
